{
  "pins" : [
    {
      "identity" : "chronometer",
      "kind" : "remoteSourceControl",
      "location" : "https://github.com/KittyMac/Chronometer.git",
      "state" : {
        "revision" : "742a6a58714e6c134d635abc589dbca9526099c3",
        "version" : "0.1.9"
      }
    },
    {
      "identity" : "eudi-lib-ios-presentation-exchange-swift",
      "kind" : "remoteSourceControl",
      "location" : "https://github.com/niscy-eudiw/eudi-lib-ios-presentation-exchange-swift.git",
      "state" : {
        "revision" : "4a6ee3e1115cf4dde7787d6a3eca1d333f2b53e0",
        "version" : "0.0.27"
      }
    },
    {
      "identity" : "hitch",
      "kind" : "remoteSourceControl",
      "location" : "https://github.com/KittyMac/Hitch.git",
      "state" : {
        "revision" : "f775d6fb66472716b0c5080db13b1cacd29441f9",
        "version" : "0.4.107"
      }
    },
    {
      "identity" : "joseswift",
      "kind" : "remoteSourceControl",
      "location" : "https://github.com/niscy-eudiw/JOSESwift.git",
      "state" : {
        "revision" : "ef86488a729fb1eb85edc3b174f528ac212c5ce6",
        "version" : "2.4.1"
      }
    },
    {
      "identity" : "jsonschema.swift",
      "kind" : "remoteSourceControl",
      "location" : "https://github.com/kylef/JSONSchema.swift",
      "state" : {
        "revision" : "d14de4b2d9205068c9db89c00d097ca43c897000",
        "version" : "0.6.0"
      }
    },
    {
      "identity" : "mockingbird",
      "kind" : "remoteSourceControl",
      "location" : "https://github.com/birdrides/mockingbird.git",
      "state" : {
        "revision" : "6e0d473df6b975719e145f6aebf90990c634700e",
        "version" : "0.20.0"
      }
    },
    {
      "identity" : "pathkit",
      "kind" : "remoteSourceControl",
      "location" : "https://github.com/kylef/PathKit.git",
      "state" : {
        "revision" : "3bfd2737b700b9a36565a8c94f4ad2b050a5e574",
        "version" : "1.0.1"
      }
    },
    {
      "identity" : "sextant",
      "kind" : "remoteSourceControl",
      "location" : "https://github.com/KittyMac/Sextant.git",
      "state" : {
        "revision" : "5510717d7e0eeb0e847e11fb60cf5d9bbed06675",
        "version" : "0.4.18"
      }
    },
    {
      "identity" : "spanker",
      "kind" : "remoteSourceControl",
      "location" : "https://github.com/KittyMac/Spanker.git",
      "state" : {
        "revision" : "6287aebdb7cb64787b7a6790bfef860ccb55e0ef",
        "version" : "0.2.33"
      }
    },
    {
      "identity" : "spectre",
      "kind" : "remoteSourceControl",
      "location" : "https://github.com/kylef/Spectre.git",
      "state" : {
        "revision" : "26cc5e9ae0947092c7139ef7ba612e34646086c7",
        "version" : "0.10.1"
      }
    }
  ],
  "version" : 2
}
